github.com/ianlancetaylor/cgosymbolizer v0.0.0-20230328201059-365e72989107 h1:vtb3u/oSPSI/zjdDGpeAKFDASS5ry10XpchYFIFClmM=
github.com/ianlancetaylor/cgosymbolizer v0.0.0-20230328201059-365e72989107/go.mod h1:DvXTE/K/RtHehxU8/GtDs4vFtfw64jJ3PaCnFri8CRg=
golang.org/x/sys v0.8.0 h1:EBmGv8NaZBZTWvrbjNoL6HVt+IVy3QDQpJs7VRIw3tU=
golang.org/x/sys v0.8.0/go.mod h1:oPkhp1MJrh7nUepCBck5+mAzfO9JrbApNNgaTdGDITg=
golang.org/x/term v0.8.0 h1:n5xxQn2i3PC0yLAbjTpNT85q/Kgzcr2gIoX9OrJUols=
golang.org/x/term v0.8.0/go.mod h1:xPskH00ivmX89bAKVGSKKtLOWNx2+17Eiy94tnKShWo=
